// !$*UTF8*$!
{
	archiveVersion = 1;
	classes = {
	};
	objectVersion = 56;
	objects = {

/* Begin PBXBuildFile section */
		C34DA8402A7CA32B001BF368 /* RealDBHandler.swift in Sources */ = {isa = PBXBuildFile; fileRef = C34DA83F2A7CA32B001BF368 /* RealDBHandler.swift */; };
		C34DA8422A7D68F7001BF368 /* DBManagerSQLite.swift in Sources */ = {isa = PBXBuildFile; fileRef = C34DA8412A7D68F7001BF368 /* DBManagerSQLite.swift */; };
		C34DA8502A7F1A39001BF368 /* gym-app.sqlite in Resources */ = {isa = PBXBuildFile; fileRef = C34DA84F2A7F1A39001BF368 /* gym-app.sqlite */; };
		C3629A922A6DF27200360D98 /* gymAppApp.swift in Sources */ = {isa = PBXBuildFile; fileRef = C3629A912A6DF27200360D98 /* gymAppApp.swift */; };
		C3629A942A6DF27200360D98 /* ContentView.swift in Sources */ = {isa = PBXBuildFile; fileRef = C3629A932A6DF27200360D98 /* ContentView.swift */; };
		C3629A962A6DF27400360D98 /* Assets.xcassets in Resources */ = {isa = PBXBuildFile; fileRef = C3629A952A6DF27400360D98 /* Assets.xcassets */; };
		C3629A992A6DF27400360D98 /* Preview Assets.xcassets in Resources */ = {isa = PBXBuildFile; fileRef = C3629A982A6DF27400360D98 /* Preview Assets.xcassets */; };
		C3629AA32A7C417000360D98 /* DatabaseManager.swift in Sources */ = {isa = PBXBuildFile; fileRef = C3629AA22A7C417000360D98 /* DatabaseManager.swift */; };
		C3629AA62A7C477D00360D98 /* FMDB in Frameworks */ = {isa = PBXBuildFile; productRef = C3629AA52A7C477D00360D98 /* FMDB */; };
		C3629AA82A7C723A00360D98 /* ActivityView.swift in Sources */ = {isa = PBXBuildFile; fileRef = C3629AA72A7C723A00360D98 /* ActivityView.swift */; };
		C3629AAD2A7C806C00360D98 /* SQLite in Frameworks */ = {isa = PBXBuildFile; productRef = C3629AAC2A7C806C00360D98 /* SQLite */; };
		C3629AAF2A7C8A2C00360D98 /* Activity.swift in Sources */ = {isa = PBXBuildFile; fileRef = C3629AAE2A7C8A2C00360D98 /* Activity.swift */; };
/* End PBXBuildFile section */

/* Begin PBXFileReference section */
		C34DA83F2A7CA32B001BF368 /* RealDBHandler.swift */ = {isa = PBXFileReference; lastKnownFileType = sourcecode.swift; path = RealDBHandler.swift; sourceTree = "<group>"; };
		C34DA8412A7D68F7001BF368 /* DBManagerSQLite.swift */ = {isa = PBXFileReference; lastKnownFileType = sourcecode.swift; path = DBManagerSQLite.swift; sourceTree = "<group>"; };
		C34DA84F2A7F1A39001BF368 /* gym-app.sqlite */ = {isa = PBXFileReference; lastKnownFileType = file; path = "gym-app.sqlite"; sourceTree = "<group>"; };
		C3629A8E2A6DF27200360D98 /* gymApp.app */ = {isa = PBXFileReference; explicitFileType = wrapper.application; includeInIndex = 0; path = gymApp.app; sourceTree = BUILT_PRODUCTS_DIR; };
		C3629A912A6DF27200360D98 /* gymAppApp.swift */ = {isa = PBXFileReference; lastKnownFileType = sourcecode.swift; path = gymAppApp.swift; sourceTree = "<group>"; };
		C3629A932A6DF27200360D98 /* ContentView.swift */ = {isa = PBXFileReference; lastKnownFileType = sourcecode.swift; path = ContentView.swift; sourceTree = "<group>"; };
		C3629A952A6DF27400360D98 /* Assets.xcassets */ = {isa = PBXFileReference; lastKnownFileType = folder.assetcatalog; path = Assets.xcassets; sourceTree = "<group>"; };
		C3629A982A6DF27400360D98 /* Preview Assets.xcassets */ = {isa = PBXFileReference; lastKnownFileType = folder.assetcatalog; path = "Preview Assets.xcassets"; sourceTree = "<group>"; };
		C3629AA22A7C417000360D98 /* DatabaseManager.swift */ = {isa = PBXFileReference; lastKnownFileType = sourcecode.swift; path = DatabaseManager.swift; sourceTree = "<group>"; };
		C3629AA72A7C723A00360D98 /* ActivityView.swift */ = {isa = PBXFileReference; lastKnownFileType = sourcecode.swift; path = ActivityView.swift; sourceTree = "<group>"; };
		C3629AAE2A7C8A2C00360D98 /* Activity.swift */ = {isa = PBXFileReference; lastKnownFileType = sourcecode.swift; path = Activity.swift; sourceTree = "<group>"; };
/* End PBXFileReference section */

/* Begin PBXFrameworksBuildPhase section */
		C3629A8B2A6DF27200360D98 /* Frameworks */ = {
			isa = PBXFrameworksBuildPhase;
			buildActionMask = 2147483647;
			files = (
				C3629AAD2A7C806C00360D98 /* SQLite in Frameworks */,
				C3629AA62A7C477D00360D98 /* FMDB in Frameworks */,
			);
			runOnlyForDeploymentPostprocessing = 0;
		};
/* End PBXFrameworksBuildPhase section */

/* Begin PBXGroup section */
		C3629A852A6DF27200360D98 = {
			isa = PBXGroup;
			children = (
				C3629A902A6DF27200360D98 /* gymApp */,
				C3629A8F2A6DF27200360D98 /* Products */,
			);
			sourceTree = "<group>";
		};
		C3629A8F2A6DF27200360D98 /* Products */ = {
			isa = PBXGroup;
			children = (
				C3629A8E2A6DF27200360D98 /* gymApp.app */,
			);
			name = Products;
			sourceTree = "<group>";
		};
		C3629A902A6DF27200360D98 /* gymApp */ = {
			isa = PBXGroup;
			children = (
				C34DA84F2A7F1A39001BF368 /* gym-app.sqlite */,
				C3629A9F2A6DFBD000360D98 /* Database */,
				C3629A932A6DF27200360D98 /* ContentView.swift */,
				C3629A912A6DF27200360D98 /* gymAppApp.swift */,
				C3629AA72A7C723A00360D98 /* ActivityView.swift */,
				C3629AAE2A7C8A2C00360D98 /* Activity.swift */,
				C3629A952A6DF27400360D98 /* Assets.xcassets */,
				C3629A972A6DF27400360D98 /* Preview Content */,
			);
			path = gymApp;
			sourceTree = "<group>";
		};
		C3629A972A6DF27400360D98 /* Preview Content */ = {
			isa = PBXGroup;
			children = (
				C3629A982A6DF27400360D98 /* Preview Assets.xcassets */,
			);
			path = "Preview Content";
			sourceTree = "<group>";
		};
		C3629A9F2A6DFBD000360D98 /* Database */ = {
			isa = PBXGroup;
			children = (
				C3629AA22A7C417000360D98 /* DatabaseManager.swift */,
				C34DA83F2A7CA32B001BF368 /* RealDBHandler.swift */,
				C34DA8412A7D68F7001BF368 /* DBManagerSQLite.swift */,
			);
			path = Database;
			sourceTree = "<group>";
		};
/* End PBXGroup section */

/* Begin PBXNativeTarget section */
		C3629A8D2A6DF27200360D98 /* gymApp */ = {
			isa = PBXNativeTarget;
			buildConfigurationList = C3629A9C2A6DF27400360D98 /* Build configuration list for PBXNativeTarget "gymApp" */;
			buildPhases = (
				C3629A8A2A6DF27200360D98 /* Sources */,
				C3629A8B2A6DF27200360D98 /* Frameworks */,
				C3629A8C2A6DF27200360D98 /* Resources */,
			);
			buildRules = (
			);
			dependencies = (
			);
			name = gymApp;
			packageProductDependencies = (
				C3629AA52A7C477D00360D98 /* FMDB */,
				C3629AAC2A7C806C00360D98 /* SQLite */,
			);
			productName = gymApp;
			productReference = C3629A8E2A6DF27200360D98 /* gymApp.app */;
			productType = "com.apple.product-type.application";
		};
/* End PBXNativeTarget section */

/* Begin PBXProject section */
		C3629A862A6DF27200360D98 /* Project object */ = {
			isa = PBXProject;
			attributes = {
				BuildIndependentTargetsInParallel = 1;
				LastSwiftUpdateCheck = 1430;
				LastUpgradeCheck = 1430;
				TargetAttributes = {
					C3629A8D2A6DF27200360D98 = {
						CreatedOnToolsVersion = 14.3.1;
					};
				};
			};
			buildConfigurationList = C3629A892A6DF27200360D98 /* Build configuration list for PBXProject "gymApp" */;
			compatibilityVersion = "Xcode 14.0";
			developmentRegion = en;
			hasScannedForEncodings = 0;
			knownRegions = (
				en,
				Base,
			);
			mainGroup = C3629A852A6DF27200360D98;
			packageReferences = (
				C3629AA42A7C477D00360D98 /* XCRemoteSwiftPackageReference "fmdb" */,
				C3629AAB2A7C806C00360D98 /* XCRemoteSwiftPackageReference "SQLite" */,
			);
			productRefGroup = C3629A8F2A6DF27200360D98 /* Products */;
			projectDirPath = "";
			projectRoot = "";
			targets = (
				C3629A8D2A6DF27200360D98 /* gymApp */,
			);
		};
/* End PBXProject section */

/* Begin PBXResourcesBuildPhase section */
		C3629A8C2A6DF27200360D98 /* Resources */ = {
			isa = PBXResourcesBuildPhase;
			buildActionMask = 2147483647;
			files = (
				C34DA8502A7F1A39001BF368 /* gym-app.sqlite in Resources */,
				C3629A992A6DF27400360D98 /* Preview Assets.xcassets in Resources */,
				C3629A962A6DF27400360D98 /* Assets.xcassets in Resources */,
			);
			runOnlyForDeploymentPostprocessing = 0;
		};
/* End PBXResourcesBuildPhase section */

/* Begin PBXSourcesBuildPhase section */
		C3629A8A2A6DF27200360D98 /* Sources */ = {
			isa = PBXSourcesBuildPhase;
			buildActionMask = 2147483647;
			files = (
				C34DA8402A7CA32B001BF368 /* RealDBHandler.swift in Sources */,
				C3629AAF2A7C8A2C00360D98 /* Activity.swift in Sources */,
				C3629A942A6DF27200360D98 /* ContentView.swift in Sources */,
				C3629AA82A7C723A00360D98 /* ActivityView.swift in Sources */,
				C3629A922A6DF27200360D98 /* gymAppApp.swift in Sources */,
				C34DA8422A7D68F7001BF368 /* DBManagerSQLite.swift in Sources */,
				C3629AA32A7C417000360D98 /* DatabaseManager.swift in Sources */,
			);
			runOnlyForDeploymentPostprocessing = 0;
		};
/* End PBXSourcesBuildPhase section */

/* Begin XCBuildConfiguration section */
		C3629A9A2A6DF27400360D98 /* Debug */ = {
			isa = XCBuildConfiguration;
			buildSettings = {
				ALWAYS_SEARCH_USER_PATHS = NO;
				CLANG_ANALYZER_NONNULL = YES;
				CLANG_ANALYZER_NUMBER_OBJECT_CONVERSION = YES_AGGRESSIVE;
				CLANG_CXX_LANGUAGE_STANDARD = "gnu++20";
				CLANG_ENABLE_MODULES = YES;
				CLANG_ENABLE_OBJC_ARC = YES;
				CLANG_ENABLE_OBJC_WEAK = YES;
				CLANG_WARN_BLOCK_CAPTURE_AUTORELEASING = YES;
				CLANG_WARN_BOOL_CONVERSION = YES;
				CLANG_WARN_COMMA = YES;
				CLANG_WARN_CONSTANT_CONVERSION = YES;
				CLANG_WARN_DEPRECATED_OBJC_IMPLEMENTATIONS = YES;
				CLANG_WARN_DIRECT_OBJC_ISA_USAGE = YES_ERROR;
				CLANG_WARN_DOCUMENTATION_COMMENTS = YES;
				CLANG_WARN_EMPTY_BODY = YES;
				CLANG_WARN_ENUM_CONVERSION = YES;
				CLANG_WARN_INFINITE_RECURSION = YES;
				CLANG_WARN_INT_CONVERSION = YES;
				CLANG_WARN_NON_LITERAL_NULL_CONVERSION = YES;
				CLANG_WARN_OBJC_IMPLICIT_RETAIN_SELF = YES;
				CLANG_WARN_OBJC_LITERAL_CONVERSION = YES;
				CLANG_WARN_OBJC_ROOT_CLASS = YES_ERROR;
				CLANG_WARN_QUOTED_INCLUDE_IN_FRAMEWORK_HEADER = YES;
				CLANG_WARN_RANGE_LOOP_ANALYSIS = YES;
				CLANG_WARN_STRICT_PROTOTYPES = YES;
				CLANG_WARN_SUSPICIOUS_MOVE = YES;
				CLANG_WARN_UNGUARDED_AVAILABILITY = YES_AGGRESSIVE;
				CLANG_WARN_UNREACHABLE_CODE = YES;
				CLANG_WARN__DUPLICATE_METHOD_MATCH = YES;
				COPY_PHASE_STRIP = NO;
				DEBUG_INFORMATION_FORMAT = dwarf;
				ENABLE_STRICT_OBJC_MSGSEND = YES;
				ENABLE_TESTABILITY = YES;
				GCC_C_LANGUAGE_STANDARD = gnu11;
				GCC_DYNAMIC_NO_PIC = NO;
				GCC_NO_COMMON_BLOCKS = YES;
				GCC_OPTIMIZATION_LEVEL = 0;
				GCC_PREPROCESSOR_DEFINITIONS = (
					"DEBUG=1",
					"$(inherited)",
				);
				GCC_WARN_64_TO_32_BIT_CONVERSION = YES;
				GCC_WARN_ABOUT_RETURN_TYPE = YES_ERROR;
				GCC_WARN_UNDECLARED_SELECTOR = YES;
				GCC_WARN_UNINITIALIZED_AUTOS = YES_AGGRESSIVE;
				GCC_WARN_UNUSED_FUNCTION = YES;
				GCC_WARN_UNUSED_VARIABLE = YES;
				IPHONEOS_DEPLOYMENT_TARGET = 16.4;
				MTL_ENABLE_DEBUG_INFO = INCLUDE_SOURCE;
				MTL_FAST_MATH = YES;
				ONLY_ACTIVE_ARCH = YES;
				SDKROOT = iphoneos;
				SWIFT_ACTIVE_COMPILATION_CONDITIONS = DEBUG;
				SWIFT_OPTIMIZATION_LEVEL = "-Onone";
			};
			name = Debug;
		};
		C3629A9B2A6DF27400360D98 /* Release */ = {
			isa = XCBuildConfiguration;
			buildSettings = {
				ALWAYS_SEARCH_USER_PATHS = NO;
				CLANG_ANALYZER_NONNULL = YES;
				CLANG_ANALYZER_NUMBER_OBJECT_CONVERSION = YES_AGGRESSIVE;
				CLANG_CXX_LANGUAGE_STANDARD = "gnu++20";
				CLANG_ENABLE_MODULES = YES;
				CLANG_ENABLE_OBJC_ARC = YES;
				CLANG_ENABLE_OBJC_WEAK = YES;
				CLANG_WARN_BLOCK_CAPTURE_AUTORELEASING = YES;
				CLANG_WARN_BOOL_CONVERSION = YES;
				CLANG_WARN_COMMA = YES;
				CLANG_WARN_CONSTANT_CONVERSION = YES;
				CLANG_WARN_DEPRECATED_OBJC_IMPLEMENTATIONS = YES;
				CLANG_WARN_DIRECT_OBJC_ISA_USAGE = YES_ERROR;
				CLANG_WARN_DOCUMENTATION_COMMENTS = YES;
				CLANG_WARN_EMPTY_BODY = YES;
				CLANG_WARN_ENUM_CONVERSION = YES;
				CLANG_WARN_INFINITE_RECURSION = YES;
				CLANG_WARN_INT_CONVERSION = YES;
				CLANG_WARN_NON_LITERAL_NULL_CONVERSION = YES;
				CLANG_WARN_OBJC_IMPLICIT_RETAIN_SELF = YES;
				CLANG_WARN_OBJC_LITERAL_CONVERSION = YES;
				CLANG_WARN_OBJC_ROOT_CLASS = YES_ERROR;
				CLANG_WARN_QUOTED_INCLUDE_IN_FRAMEWORK_HEADER = YES;
				CLANG_WARN_RANGE_LOOP_ANALYSIS = YES;
				CLANG_WARN_STRICT_PROTOTYPES = YES;
				CLANG_WARN_SUSPICIOUS_MOVE = YES;
				CLANG_WARN_UNGUARDED_AVAILABILITY = YES_AGGRESSIVE;
				CLANG_WARN_UNREACHABLE_CODE = YES;
				CLANG_WARN__DUPLICATE_METHOD_MATCH = YES;
				COPY_PHASE_STRIP = NO;
				DEBUG_INFORMATION_FORMAT = "dwarf-with-dsym";
				ENABLE_NS_ASSERTIONS = NO;
				ENABLE_STRICT_OBJC_MSGSEND = YES;
				GCC_C_LANGUAGE_STANDARD = gnu11;
				GCC_NO_COMMON_BLOCKS = YES;
				GCC_WARN_64_TO_32_BIT_CONVERSION = YES;
				GCC_WARN_ABOUT_RETURN_TYPE = YES_ERROR;
				GCC_WARN_UNDECLARED_SELECTOR = YES;
				GCC_WARN_UNINITIALIZED_AUTOS = YES_AGGRESSIVE;
				GCC_WARN_UNUSED_FUNCTION = YES;
				GCC_WARN_UNUSED_VARIABLE = YES;
				IPHONEOS_DEPLOYMENT_TARGET = 16.4;
				MTL_ENABLE_DEBUG_INFO = NO;
				MTL_FAST_MATH = YES;
				SDKROOT = iphoneos;
				SWIFT_COMPILATION_MODE = wholemodule;
				SWIFT_OPTIMIZATION_LEVEL = "-O";
				VALIDATE_PRODUCT = YES;
			};
			name = Release;
		};
		C3629A9D2A6DF27400360D98 /* Debug */ = {
			isa = XCBuildConfiguration;
			buildSettings = {
				ASSETCATALOG_COMPILER_APPICON_NAME = AppIcon;
				ASSETCATALOG_COMPILER_GLOBAL_ACCENT_COLOR_NAME = AccentColor;
				CODE_SIGN_STYLE = Automatic;
				CURRENT_PROJECT_VERSION = 1;
				DEVELOPMENT_ASSET_PATHS = "\"gymApp/Preview Content\"";
				DEVELOPMENT_TEAM = 2FZZQXZB8J;
				ENABLE_PREVIEWS = YES;
				GENERATE_INFOPLIST_FILE = YES;
				INFOPLIST_KEY_UIApplicationSceneManifest_Generation = YES;
				INFOPLIST_KEY_UIApplicationSupportsIndirectInputEvents = YES;
				INFOPLIST_KEY_UILaunchScreen_Generation = YES;
				INFOPLIST_KEY_UISupportedInterfaceOrientations_iPad = "UIInterfaceOrientationPortrait UIInterfaceOrientationPortraitUpsideDown UIInterfaceOrientationLandscapeLeft UIInterfaceOrientationLandscapeRight";
				INFOPLIST_KEY_UISupportedInterfaceOrientations_iPhone = "UIInterfaceOrientationPortrait UIInterfaceOrientationLandscapeLeft UIInterfaceOrientationLandscapeRight";
				LD_RUNPATH_SEARCH_PATHS = (
					"$(inherited)",
					"@executable_path/Frameworks",
				);
				MARKETING_VERSION = 1.0;
				PRODUCT_BUNDLE_IDENTIFIER = com.sunbathsoft.gymApp;
				PRODUCT_NAME = "$(TARGET_NAME)";
				SWIFT_EMIT_LOC_STRINGS = YES;
				SWIFT_VERSION = 5.0;
				TARGETED_DEVICE_FAMILY = "1,2";
			};
			name = Debug;
		};
		C3629A9E2A6DF27400360D98 /* Release */ = {
			isa = XCBuildConfiguration;
			buildSettings = {
				ASSETCATALOG_COMPILER_APPICON_NAME = AppIcon;
				ASSETCATALOG_COMPILER_GLOBAL_ACCENT_COLOR_NAME = AccentColor;
				CODE_SIGN_STYLE = Automatic;
				CURRENT_PROJECT_VERSION = 1;
				DEVELOPMENT_ASSET_PATHS = "\"gymApp/Preview Content\"";
				DEVELOPMENT_TEAM = 2FZZQXZB8J;
				ENABLE_PREVIEWS = YES;
				GENERATE_INFOPLIST_FILE = YES;
				INFOPLIST_KEY_UIApplicationSceneManifest_Generation = YES;
				INFOPLIST_KEY_UIApplicationSupportsIndirectInputEvents = YES;
				INFOPLIST_KEY_UILaunchScreen_Generation = YES;
				INFOPLIST_KEY_UISupportedInterfaceOrientations_iPad = "UIInterfaceOrientationPortrait UIInterfaceOrientationPortraitUpsideDown UIInterfaceOrientationLandscapeLeft UIInterfaceOrientationLandscapeRight";
				INFOPLIST_KEY_UISupportedInterfaceOrientations_iPhone = "UIInterfaceOrientationPortrait UIInterfaceOrientationLandscapeLeft UIInterfaceOrientationLandscapeRight";
				LD_RUNPATH_SEARCH_PATHS = (
					"$(inherited)",
					"@executable_path/Frameworks",
				);
				MARKETING_VERSION = 1.0;
				PRODUCT_BUNDLE_IDENTIFIER = com.sunbathsoft.gymApp;
				PRODUCT_NAME = "$(TARGET_NAME)";
				SWIFT_EMIT_LOC_STRINGS = YES;
				SWIFT_VERSION = 5.0;
				TARGETED_DEVICE_FAMILY = "1,2";
			};
			name = Release;
		};
/* End XCBuildConfiguration section */

/* Begin XCConfigurationList section */
		C3629A892A6DF27200360D98 /* Build configuration list for PBXProject "gymApp" */ = {
			isa = XCConfigurationList;
			buildConfigurations = (
				C3629A9A2A6DF27400360D98 /* Debug */,
				C3629A9B2A6DF27400360D98 /* Release */,
			);
			defaultConfigurationIsVisible = 0;
			defaultConfigurationName = Release;
		};
		C3629A9C2A6DF27400360D98 /* Build configuration list for PBXNativeTarget "gymApp" */ = {
			isa = XCConfigurationList;
			buildConfigurations = (
				C3629A9D2A6DF27400360D98 /* Debug */,
				C3629A9E2A6DF27400360D98 /* Release */,
			);
			defaultConfigurationIsVisible = 0;
			defaultConfigurationName = Release;
		};
/* End XCConfigurationList section */

/* Begin XCRemoteSwiftPackageReference section */
		C3629AA42A7C477D00360D98 /* XCRemoteSwiftPackageReference "fmdb" */ = {
			isa = XCRemoteSwiftPackageReference;
			repositoryURL = "https://github.com/ccgus/fmdb.git";
			requirement = {
				kind = upToNextMajorVersion;
				minimumVersion = 2.0.0;
			};
		};
		C3629AAB2A7C806C00360D98 /* XCRemoteSwiftPackageReference "SQLite" */ = {
			isa = XCRemoteSwiftPackageReference;
			repositoryURL = "https://github.com/stephencelis/SQLite.swift";
			requirement = {
				kind = upToNextMajorVersion;
				minimumVersion = 0.14.1;
			};
		};
/* End XCRemoteSwiftPackageReference section */

/* Begin XCSwiftPackageProductDependency section */
		C3629AA52A7C477D00360D98 /* FMDB */ = {
			isa = XCSwiftPackageProductDependency;
			package = C3629AA42A7C477D00360D98 /* XCRemoteSwiftPackageReference "fmdb" */;
			productName = FMDB;
		};
		C3629AAC2A7C806C00360D98 /* SQLite */ = {
			isa = XCSwiftPackageProductDependency;
			package = C3629AAB2A7C806C00360D98 /* XCRemoteSwiftPackageReference "SQLite" */;
			productName = SQLite;
		};
/* End XCSwiftPackageProductDependency section */
	};
	rootObject = C3629A862A6DF27200360D98 /* Project object */;
}
